
Microsoft Visual Studio Solution File, Format Version 12.00
# Visual Studio Version 17
VisualStudioVersion = 17.7.34024.191
MinimumVisualStudioVersion = 10.0.40219.1
Project("{FAE04EC0-301F-11D3-BF4B-00C04F79EFBC}") = "Cash_Transfer", "Cash_Transfer\Cash_Transfer.csproj", "{F70749DE-7AAA-461B-859E-0C0FF32E8E5E}"
EndProject
Global
	GlobalSection(SolutionConfigurationPlatforms) = preSolution
		Debug|Any CPU = Debug|Any CPU
		Release|Any CPU = Release|Any CPU
	EndGlobalSection
	GlobalSection(ProjectConfigurationPlatforms) = postSolution
		{F70749DE-7AAA-461B-859E-0C0FF32E8E5E}.Debug|Any CPU.ActiveCfg = Debug|Any CPU
		{F70749DE-7AAA-461B-859E-0C0FF32E8E5E}.Debug|Any CPU.Build.0 = Debug|Any CPU
		{F70749DE-7AAA-461B-859E-0C0FF32E8E5E}.Release|Any CPU.ActiveCfg = Release|Any CPU
		{F70749DE-7AAA-461B-859E-0C0FF32E8E5E}.Release|Any CPU.Build.0 = Release|Any CPU
	EndGlobalSection
	GlobalSection(SolutionProperties) = preSolution
		HideSolutionNode = FALSE
	EndGlobalSection
	GlobalSection(ExtensibilityGlobals) = postSolution
		SolutionGuid = {21D20127-9283-4E8E-8B6E-ACEE71D625DF}
	EndGlobalSection
EndGlobal
